Microsoft Visual Studio Solution File, Format Version 12.00
# Visual Studio Version 17
VisualStudioVersion = 17.5.2.0
MinimumVisualStudioVersion = 10.0.40219.1
Project("{FAE04EC0-301F-11D3-BF4B-00C04F79EFBC}") = "MeetingApi", "MeetingApi.csproj", "{DBA7E60E-B653-4F6A-9D64-816E620F9F2C}"
EndProject
Global
	GlobalSection(SolutionConfigurationPlatforms) = preSolution
		Debug|Any CPU = Debug|Any CPU
		Release|Any CPU = Release|Any CPU
	EndGlobalSection
	GlobalSection(ProjectConfigurationPlatforms) = postSolution
		{DBA7E60E-B653-4F6A-9D64-816E620F9F2C}.Debug|Any CPU.ActiveCfg = Debug|Any CPU
		{DBA7E60E-B653-4F6A-9D64-816E620F9F2C}.Debug|Any CPU.Build.0 = Debug|Any CPU
		{DBA7E60E-B653-4F6A-9D64-816E620F9F2C}.Release|Any CPU.ActiveCfg = Release|Any CPU
		{DBA7E60E-B653-4F6A-9D64-816E620F9F2C}.Release|Any CPU.Build.0 = Release|Any CPU
	EndGlobalSection
	GlobalSection(SolutionProperties) = preSolution
		HideSolutionNode = FALSE
	EndGlobalSection
	GlobalSection(ExtensibilityGlobals) = postSolution
		SolutionGuid = {645A24F8-58DC-4378-AE1C-015C3F53CC91}
	EndGlobalSection
EndGlobal
